{
  "name": "hexo-filter-markdown-auto-indent",
  "version": "1.2.0",
  "lockfileVersion": 2,
  "requires": true,
  "packages": {
    "": {
      "name": "hexo-filter-markdown-auto-indent",
      "version": "1.2.0",
      "license": "ISC",
      "devDependencies": {
        "hexo-front-matter": "^3.0.0"
      }
    },
    "node_modules/argparse": {
      "version": "2.0.1",
      "resolved": "https://registry.npmjs.org/argparse/-/argparse-2.0.1.tgz",
      "integrity": "sha512-8+9WqebbFzpX9OR+Wa6O29asIogeRMzcGtAINdpMHHyAg10f05aSFVBbcEqGf/PXw1EjAZ+q2/bEBg3DvurK3Q==",
      "dev": true
    },
    "node_modules/hexo-front-matter": {
      "version": "3.0.0",
      "resolved": "https://registry.npmjs.org/hexo-front-matter/-/hexo-front-matter-3.0.0.tgz",
      "integrity": "sha512-hSQTPUmB/BCe1BFYmXRkPyLk8rqbBqHCQq+rjwwOJuEfOADrFaVK2VPZb90tJzPyXE1xSxpgCxE/AZq0CyTVwg==",
      "dev": true,
      "dependencies": {
        "js-yaml": "^4.1.0"
      },
      "engines": {
        "node": ">=12.13.0"
      }
    },
    "node_modules/js-yaml": {
      "version": "4.1.0",
      "resolved": "https://registry.npmjs.org/js-yaml/-/js-yaml-4.1.0.tgz",
      "integrity": "sha512-wpxZs9NoxZaJESJGIZTyDEaYpl0FKSA+FB9aJiyemKhMwkxQg63h4T1KJgUGHpTqPDNRcmmYLugrRjJlBtWvRA==",
      "dev": true,
      "dependencies": {
        "argparse": "^2.0.1"
      },
      "bin": {
        "js-yaml": "bin/js-yaml.js"
      }
    }
  },
  "dependencies": {
    "argparse": {
      "version": "2.0.1",
      "resolved": "https://registry.npmjs.org/argparse/-/argparse-2.0.1.tgz",
      "integrity": "sha512-8+9WqebbFzpX9OR+Wa6O29asIogeRMzcGtAINdpMHHyAg10f05aSFVBbcEqGf/PXw1EjAZ+q2/bEBg3DvurK3Q==",
      "dev": true
    },
    "hexo-front-matter": {
      "version": "3.0.0",
      "resolved": "https://registry.npmjs.org/hexo-front-matter/-/hexo-front-matter-3.0.0.tgz",
      "integrity": "sha512-hSQTPUmB/BCe1BFYmXRkPyLk8rqbBqHCQq+rjwwOJuEfOADrFaVK2VPZb90tJzPyXE1xSxpgCxE/AZq0CyTVwg==",
      "dev": true,
      "requires": {
        "js-yaml": "^4.1.0"
      }
    },
    "js-yaml": {
      "version": "4.1.0",
      "resolved": "https://registry.npmjs.org/js-yaml/-/js-yaml-4.1.0.tgz",
      "integrity": "sha512-wpxZs9NoxZaJESJGIZTyDEaYpl0FKSA+FB9aJiyemKhMwkxQg63h4T1KJgUGHpTqPDNRcmmYLugrRjJlBtWvRA==",
      "dev": true,
      "requires": {
        "argparse": "^2.0.1"
      }
    }
  }
}
